# This file was autogenerated by Stack.
# You should not edit this file by hand.
# For more information, please see the documentation at:
#   https://docs.haskellstack.org/en/stable/lock_files

packages:
- completed:
    cabal-file:
      size: 2258
      sha256: 03d69d6134eb6c4739d4f234efab56257eb3e7ca4148026fa2f95ae73fef61b0
    name: GLUtil
    version: 0.9.1.1
    git: https://github.com/noughtmare/GLUtil
    pantry-tree:
      size: 2265
      sha256: 7ee8d42110be3fb8cc24c7c0987ab8709f012a452112bae77a0c1630295fbc2a
    commit: a7276db223d0295ffeed790be59760ccce061db5
  original:
    git: https://github.com/noughtmare/GLUtil
    commit: a7276db223d0295ffeed790be59760ccce061db5
snapshots:
- completed:
    size: 533750
    url: https://raw.githubusercontent.com/commercialhaskell/stackage-snapshots/master/lts/9/1.yaml
    sha256: ab1f64243467478499eb5fd9b4c4115743d5bb301c3cf5b8b6e7242bcad54247
  original: lts-9.1
